
Microsoft Visual Studio Solution File, Format Version 12.00
# Visual Studio Version 17
VisualStudioVersion = 17.9.34622.214
MinimumVisualStudioVersion = 10.0.40219.1
Project("{9A19103F-16F7-4668-BE54-9A1E7A4F7556}") = "MLFighterJetDetector", "MLFighterJetDetector\MLFighterJetDetector.csproj", "{8ED10B59-1A49-4F71-8546-93FB6401A676}"
EndProject
Project("{9A19103F-16F7-4668-BE54-9A1E7A4F7556}") = "MLFighterJetDetector_WebApi1", "MLFighterJetDetector_WebApi1\MLFighterJetDetector_WebApi1.csproj", "{9778B608-D2F8-4497-9238-3BEFC41657BC}"
EndProject
Global
	GlobalSection(SolutionConfigurationPlatforms) = preSolution
		Debug|Any CPU = Debug|Any CPU
		Release|Any CPU = Release|Any CPU
	EndGlobalSection
	GlobalSection(ProjectConfigurationPlatforms) = postSolution
		{8ED10B59-1A49-4F71-8546-93FB6401A676}.Debug|Any CPU.ActiveCfg = Debug|Any CPU
		{8ED10B59-1A49-4F71-8546-93FB6401A676}.Debug|Any CPU.Build.0 = Debug|Any CPU
		{8ED10B59-1A49-4F71-8546-93FB6401A676}.Release|Any CPU.ActiveCfg = Release|Any CPU
		{8ED10B59-1A49-4F71-8546-93FB6401A676}.Release|Any CPU.Build.0 = Release|Any CPU
		{9778B608-D2F8-4497-9238-3BEFC41657BC}.Debug|Any CPU.ActiveCfg = Debug|Any CPU
		{9778B608-D2F8-4497-9238-3BEFC41657BC}.Debug|Any CPU.Build.0 = Debug|Any CPU
		{9778B608-D2F8-4497-9238-3BEFC41657BC}.Release|Any CPU.ActiveCfg = Release|Any CPU
		{9778B608-D2F8-4497-9238-3BEFC41657BC}.Release|Any CPU.Build.0 = Release|Any CPU
	EndGlobalSection
	GlobalSection(SolutionProperties) = preSolution
		HideSolutionNode = FALSE
	EndGlobalSection
	GlobalSection(ExtensibilityGlobals) = postSolution
		SolutionGuid = {21939AC6-CCC0-49C8-8284-4781D8CDC891}
	EndGlobalSection
EndGlobal
